
Microsoft Visual Studio Solution File, Format Version 12.00
# Visual Studio Version 16
VisualStudioVersion = 16.0.30225.117
MinimumVisualStudioVersion = 10.0.40219.1
Project("{9A19103F-16F7-4668-BE54-9A1E7A4F7556}") = "BLEGuitar.Commons", "BLEGuitar.Commons\BLEGuitar.Commons.csproj", "{94F82982-16EE-4751-83AE-6371A286FC7B}"
EndProject
Project("{FAE04EC0-301F-11D3-BF4B-00C04F79EFBC}") = "BLEGuitar.Server", "BLEGuitar.Server\BLEGuitar.Server.csproj", "{A9EE9630-F0A3-4B1E-8229-111C8E20109D}"
EndProject
Global
	GlobalSection(SolutionConfigurationPlatforms) = preSolution
		Debug|Any CPU = Debug|Any CPU
		Debug|x64 = Debug|x64
		Debug|x86 = Debug|x86
		Release|Any CPU = Release|Any CPU
		Release|x64 = Release|x64
		Release|x86 = Release|x86
	EndGlobalSection
	GlobalSection(ProjectConfigurationPlatforms) = postSolution
		{94F82982-16EE-4751-83AE-6371A286FC7B}.Debug|Any CPU.ActiveCfg = Debug|Any CPU
		{94F82982-16EE-4751-83AE-6371A286FC7B}.Debug|Any CPU.Build.0 = Debug|Any CPU
		{94F82982-16EE-4751-83AE-6371A286FC7B}.Debug|x64.ActiveCfg = Debug|Any CPU
		{94F82982-16EE-4751-83AE-6371A286FC7B}.Debug|x64.Build.0 = Debug|Any CPU
		{94F82982-16EE-4751-83AE-6371A286FC7B}.Debug|x86.ActiveCfg = Debug|Any CPU
		{94F82982-16EE-4751-83AE-6371A286FC7B}.Debug|x86.Build.0 = Debug|Any CPU
		{94F82982-16EE-4751-83AE-6371A286FC7B}.Release|Any CPU.ActiveCfg = Release|Any CPU
		{94F82982-16EE-4751-83AE-6371A286FC7B}.Release|Any CPU.Build.0 = Release|Any CPU
		{94F82982-16EE-4751-83AE-6371A286FC7B}.Release|x64.ActiveCfg = Release|Any CPU
		{94F82982-16EE-4751-83AE-6371A286FC7B}.Release|x64.Build.0 = Release|Any CPU
		{94F82982-16EE-4751-83AE-6371A286FC7B}.Release|x86.ActiveCfg = Release|Any CPU
		{94F82982-16EE-4751-83AE-6371A286FC7B}.Release|x86.Build.0 = Release|Any CPU
		{A9EE9630-F0A3-4B1E-8229-111C8E20109D}.Debug|Any CPU.ActiveCfg = Debug|Any CPU
		{A9EE9630-F0A3-4B1E-8229-111C8E20109D}.Debug|Any CPU.Build.0 = Debug|Any CPU
		{A9EE9630-F0A3-4B1E-8229-111C8E20109D}.Debug|x64.ActiveCfg = Debug|Any CPU
		{A9EE9630-F0A3-4B1E-8229-111C8E20109D}.Debug|x64.Build.0 = Debug|Any CPU
		{A9EE9630-F0A3-4B1E-8229-111C8E20109D}.Debug|x86.ActiveCfg = Debug|Any CPU
		{A9EE9630-F0A3-4B1E-8229-111C8E20109D}.Debug|x86.Build.0 = Debug|Any CPU
		{A9EE9630-F0A3-4B1E-8229-111C8E20109D}.Release|Any CPU.ActiveCfg = Release|Any CPU
		{A9EE9630-F0A3-4B1E-8229-111C8E20109D}.Release|Any CPU.Build.0 = Release|Any CPU
		{A9EE9630-F0A3-4B1E-8229-111C8E20109D}.Release|x64.ActiveCfg = Release|Any CPU
		{A9EE9630-F0A3-4B1E-8229-111C8E20109D}.Release|x64.Build.0 = Release|Any CPU
		{A9EE9630-F0A3-4B1E-8229-111C8E20109D}.Release|x86.ActiveCfg = Release|Any CPU
		{A9EE9630-F0A3-4B1E-8229-111C8E20109D}.Release|x86.Build.0 = Release|Any CPU
	EndGlobalSection
	GlobalSection(SolutionProperties) = preSolution
		HideSolutionNode = FALSE
	EndGlobalSection
	GlobalSection(ExtensibilityGlobals) = postSolution
		SolutionGuid = {8ABCF296-9804-4996-BD12-32DCB0FAB687}
	EndGlobalSection
EndGlobal
